// !$*UTF8*$!
{
	archiveVersion = 1;
	classes = {
	};
	objectVersion = 46;
	objects = {

/* Begin PBXBuildFile section */
		9E7BFA6418ECFFEE007B3D81 /* Foundation.framework in Frameworks */ = {isa = PBXBuildFile; fileRef = 9E7BFA6318ECFFEE007B3D81 /* Foundation.framework */; };
		9E7BFA6618ECFFEE007B3D81 /* CoreGraphics.framework in Frameworks */ = {isa = PBXBuildFile; fileRef = 9E7BFA6518ECFFEE007B3D81 /* CoreGraphics.framework */; };
		9E7BFA6818ECFFEE007B3D81 /* UIKit.framework in Frameworks */ = {isa = PBXBuildFile; fileRef = 9E7BFA6718ECFFEE007B3D81 /* UIKit.framework */; };
		9E7BFA6E18ECFFEE007B3D81 /* InfoPlist.strings in Resources */ = {isa = PBXBuildFile; fileRef = 9E7BFA6C18ECFFEE007B3D81 /* InfoPlist.strings */; };
		9E7BFA7018ECFFEE007B3D81 /* main.m in Sources */ = {isa = PBXBuildFile; fileRef = 9E7BFA6F18ECFFEE007B3D81 /* main.m */; };
		9E7BFA7418ECFFEE007B3D81 /* AppDelegate.m in Sources */ = {isa = PBXBuildFile; fileRef = 9E7BFA7318ECFFEE007B3D81 /* AppDelegate.m */; };
		9E7BFA7718ECFFEE007B3D81 /* Main.storyboard in Resources */ = {isa = PBXBuildFile; fileRef = 9E7BFA7518ECFFEE007B3D81 /* Main.storyboard */; };
		9E7BFA7A18ECFFEE007B3D81 /* ViewController.m in Sources */ = {isa = PBXBuildFile; fileRef = 9E7BFA7918ECFFEE007B3D81 /* ViewController.m */; };
		9E7BFA7C18ECFFEE007B3D81 /* Images.xcassets in Resources */ = {isa = PBXBuildFile; fileRef = 9E7BFA7B18ECFFEE007B3D81 /* Images.xcassets */; };
		9E7BFA8318ECFFEE007B3D81 /* XCTest.framework in Frameworks */ = {isa = PBXBuildFile; fileRef = 9E7BFA8218ECFFEE007B3D81 /* XCTest.framework */; };
		9E7BFA8418ECFFEE007B3D81 /* Foundation.framework in Frameworks */ = {isa = PBXBuildFile; fileRef = 9E7BFA6318ECFFEE007B3D81 /* Foundation.framework */; };
		9E7BFA8518ECFFEE007B3D81 /* UIKit.framework in Frameworks */ = {isa = PBXBuildFile; fileRef = 9E7BFA6718ECFFEE007B3D81 /* UIKit.framework */; };
		9E7BFA8D18ECFFEE007B3D81 /* InfoPlist.strings in Resources */ = {isa = PBXBuildFile; fileRef = 9E7BFA8B18ECFFEE007B3D81 /* InfoPlist.strings */; };
		9E7BFA8F18ECFFEE007B3D81 /* MeunTests.m in Sources */ = {isa = PBXBuildFile; fileRef = 9E7BFA8E18ECFFEE007B3D81 /* MeunTests.m */; };
		9E7BFA9B18ED005D007B3D81 /* HomeViewController.m in Sources */ = {isa = PBXBuildFile; fileRef = 9E7BFA9A18ED005D007B3D81 /* HomeViewController.m */; };
		9E7BFA9E18ED007B007B3D81 /* AViewController.m in Sources */ = {isa = PBXBuildFile; fileRef = 9E7BFA9D18ED007B007B3D81 /* AViewController.m */; };
		9E7BFAA118ED0085007B3D81 /* BViewController.m in Sources */ = {isa = PBXBuildFile; fileRef = 9E7BFAA018ED0085007B3D81 /* BViewController.m */; };
		9E7BFAA418ED0090007B3D81 /* CViewController.m in Sources */ = {isa = PBXBuildFile; fileRef = 9E7BFAA318ED0090007B3D81 /* CViewController.m */; };
		9E7BFAA718ED00A3007B3D81 /* DViewController.m in Sources */ = {isa = PBXBuildFile; fileRef = 9E7BFAA618ED00A3007B3D81 /* DViewController.m */; };
		9E7BFAAB18ED00DF007B3D81 /* menu-button@2x.png in Resources */ = {isa = PBXBuildFile; fileRef = 9E7BFAA918ED00DF007B3D81 /* menu-button@2x.png */; };
		9E7BFAAC18ED00DF007B3D81 /* menu-button.png in Resources */ = {isa = PBXBuildFile; fileRef = 9E7BFAAA18ED00DF007B3D81 /* menu-button.png */; };
		9E7BFAAF18ED00F2007B3D81 /* SlideNavigationController.m in Sources */ = {isa = PBXBuildFile; fileRef = 9E7BFAAE18ED00F2007B3D81 /* SlideNavigationController.m */; };
		9E7BFAB218ED05C4007B3D81 /* MeunViewController.m in Sources */ = {isa = PBXBuildFile; fileRef = 9E7BFAB118ED05C4007B3D81 /* MeunViewController.m */; };
/* End PBXBuildFile section */

/* Begin PBXContainerItemProxy section */
		9E7BFA8618ECFFEE007B3D81 /* PBXContainerItemProxy */ = {
			isa = PBXContainerItemProxy;
			containerPortal = 9E7BFA5818ECFFEE007B3D81 /* Project object */;
			proxyType = 1;
			remoteGlobalIDString = 9E7BFA5F18ECFFEE007B3D81;
			remoteInfo = Meun;
		};
/* End PBXContainerItemProxy section */

/* Begin PBXFileReference section */
		9E7BFA6018ECFFEE007B3D81 /* Meun.app */ = {isa = PBXFileReference; explicitFileType = wrapper.application; includeInIndex = 0; path = Meun.app; sourceTree = BUILT_PRODUCTS_DIR; };
		9E7BFA6318ECFFEE007B3D81 /* Foundation.framework */ = {isa = PBXFileReference; lastKnownFileType = wrapper.framework; name = Foundation.framework; path = System/Library/Frameworks/Foundation.framework; sourceTree = SDKROOT; };
		9E7BFA6518ECFFEE007B3D81 /* CoreGraphics.framework */ = {isa = PBXFileReference; lastKnownFileType = wrapper.framework; name = CoreGraphics.framework; path = System/Library/Frameworks/CoreGraphics.framework; sourceTree = SDKROOT; };
		9E7BFA6718ECFFEE007B3D81 /* UIKit.framework */ = {isa = PBXFileReference; lastKnownFileType = wrapper.framework; name = UIKit.framework; path = System/Library/Frameworks/UIKit.framework; sourceTree = SDKROOT; };
		9E7BFA6B18ECFFEE007B3D81 /* Meun-Info.plist */ = {isa = PBXFileReference; lastKnownFileType = text.plist.xml; path = "Meun-Info.plist"; sourceTree = "<group>"; };
		9E7BFA6D18ECFFEE007B3D81 /* en */ = {isa = PBXFileReference; lastKnownFileType = text.plist.strings; name = en; path = en.lproj/InfoPlist.strings; sourceTree = "<group>"; };
		9E7BFA6F18ECFFEE007B3D81 /* main.m */ = {isa = PBXFileReference; lastKnownFileType = sourcecode.c.objc; path = main.m; sourceTree = "<group>"; };
		9E7BFA7118ECFFEE007B3D81 /* Meun-Prefix.pch */ = {isa = PBXFileReference; lastKnownFileType = sourcecode.c.h; path = "Meun-Prefix.pch"; sourceTree = "<group>"; };
		9E7BFA7218ECFFEE007B3D81 /* AppDelegate.h */ = {isa = PBXFileReference; lastKnownFileType = sourcecode.c.h; path = AppDelegate.h; sourceTree = "<group>"; };
		9E7BFA7318ECFFEE007B3D81 /* AppDelegate.m */ = {isa = PBXFileReference; lastKnownFileType = sourcecode.c.objc; path = AppDelegate.m; sourceTree = "<group>"; };
		9E7BFA7618ECFFEE007B3D81 /* Base */ = {isa = PBXFileReference; lastKnownFileType = file.storyboard; name = Base; path = Base.lproj/Main.storyboard; sourceTree = "<group>"; };
		9E7BFA7818ECFFEE007B3D81 /* ViewController.h */ = {isa = PBXFileReference; lastKnownFileType = sourcecode.c.h; name = ViewController.h; path = Meun/ViewController.h; sourceTree = "<group>"; };
		9E7BFA7918ECFFEE007B3D81 /* ViewController.m */ = {isa = PBXFileReference; lastKnownFileType = sourcecode.c.objc; name = ViewController.m; path = Meun/ViewController.m; sourceTree = "<group>"; };
		9E7BFA7B18ECFFEE007B3D81 /* Images.xcassets */ = {isa = PBXFileReference; lastKnownFileType = folder.assetcatalog; path = Images.xcassets; sourceTree = "<group>"; };
		9E7BFA8118ECFFEE007B3D81 /* MeunTests.xctest */ = {isa = PBXFileReference; explicitFileType = wrapper.cfbundle; includeInIndex = 0; path = MeunTests.xctest; sourceTree = BUILT_PRODUCTS_DIR; };
		9E7BFA8218ECFFEE007B3D81 /* XCTest.framework */ = {isa = PBXFileReference; lastKnownFileType = wrapper.framework; name = XCTest.framework; path = Library/Frameworks/XCTest.framework; sourceTree = DEVELOPER_DIR; };
		9E7BFA8A18ECFFEE007B3D81 /* MeunTests-Info.plist */ = {isa = PBXFileReference; lastKnownFileType = text.plist.xml; path = "MeunTests-Info.plist"; sourceTree = "<group>"; };
		9E7BFA8C18ECFFEE007B3D81 /* en */ = {isa = PBXFileReference; lastKnownFileType = text.plist.strings; name = en; path = en.lproj/InfoPlist.strings; sourceTree = "<group>"; };
		9E7BFA8E18ECFFEE007B3D81 /* MeunTests.m */ = {isa = PBXFileReference; lastKnownFileType = sourcecode.c.objc; path = MeunTests.m; sourceTree = "<group>"; };
		9E7BFA9918ED005D007B3D81 /* HomeViewController.h */ = {isa = PBXFileReference; fileEncoding = 4; lastKnownFileType = sourcecode.c.h; path = HomeViewController.h; sourceTree = "<group>"; };
		9E7BFA9A18ED005D007B3D81 /* HomeViewController.m */ = {isa = PBXFileReference; fileEncoding = 4; lastKnownFileType = sourcecode.c.objc; path = HomeViewController.m; sourceTree = "<group>"; };
		9E7BFA9C18ED007B007B3D81 /* AViewController.h */ = {isa = PBXFileReference; fileEncoding = 4; lastKnownFileType = sourcecode.c.h; path = AViewController.h; sourceTree = "<group>"; };
		9E7BFA9D18ED007B007B3D81 /* AViewController.m */ = {isa = PBXFileReference; fileEncoding = 4; lastKnownFileType = sourcecode.c.objc; path = AViewController.m; sourceTree = "<group>"; };
		9E7BFA9F18ED0085007B3D81 /* BViewController.h */ = {isa = PBXFileReference; fileEncoding = 4; lastKnownFileType = sourcecode.c.h; path = BViewController.h; sourceTree = "<group>"; };
		9E7BFAA018ED0085007B3D81 /* BViewController.m */ = {isa = PBXFileReference; fileEncoding = 4; lastKnownFileType = sourcecode.c.objc; path = BViewController.m; sourceTree = "<group>"; };
		9E7BFAA218ED0090007B3D81 /* CViewController.h */ = {isa = PBXFileReference; fileEncoding = 4; lastKnownFileType = sourcecode.c.h; path = CViewController.h; sourceTree = "<group>"; };
		9E7BFAA318ED0090007B3D81 /* CViewController.m */ = {isa = PBXFileReference; fileEncoding = 4; lastKnownFileType = sourcecode.c.objc; path = CViewController.m; sourceTree = "<group>"; };
		9E7BFAA518ED00A3007B3D81 /* DViewController.h */ = {isa = PBXFileReference; fileEncoding = 4; lastKnownFileType = sourcecode.c.h; path = DViewController.h; sourceTree = "<group>"; };
		9E7BFAA618ED00A3007B3D81 /* DViewController.m */ = {isa = PBXFileReference; fileEncoding = 4; lastKnownFileType = sourcecode.c.objc; path = DViewController.m; sourceTree = "<group>"; };
		9E7BFAA918ED00DF007B3D81 /* menu-button@2x.png */ = {isa = PBXFileReference; lastKnownFileType = image.png; path = "menu-button@2x.png"; sourceTree = "<group>"; };
		9E7BFAAA18ED00DF007B3D81 /* menu-button.png */ = {isa = PBXFileReference; lastKnownFileType = image.png; path = "menu-button.png"; sourceTree = "<group>"; };
		9E7BFAAD18ED00F2007B3D81 /* SlideNavigationController.h */ = {isa = PBXFileReference; fileEncoding = 4; lastKnownFileType = sourcecode.c.h; path = SlideNavigationController.h; sourceTree = "<group>"; };
		9E7BFAAE18ED00F2007B3D81 /* SlideNavigationController.m */ = {isa = PBXFileReference; fileEncoding = 4; lastKnownFileType = sourcecode.c.objc; path = SlideNavigationController.m; sourceTree = "<group>"; };
		9E7BFAB018ED05C4007B3D81 /* MeunViewController.h */ = {isa = PBXFileReference; fileEncoding = 4; lastKnownFileType = sourcecode.c.h; path = MeunViewController.h; sourceTree = "<group>"; };
		9E7BFAB118ED05C4007B3D81 /* MeunViewController.m */ = {isa = PBXFileReference; fileEncoding = 4; lastKnownFileType = sourcecode.c.objc; path = MeunViewController.m; sourceTree = "<group>"; };
/* End PBXFileReference section */

/* Begin PBXFrameworksBuildPhase section */
		9E7BFA5D18ECFFEE007B3D81 /* Frameworks */ = {
			isa = PBXFrameworksBuildPhase;
			buildActionMask = 2147483647;
			files = (
				9E7BFA6618ECFFEE007B3D81 /* CoreGraphics.framework in Frameworks */,
				9E7BFA6818ECFFEE007B3D81 /* UIKit.framework in Frameworks */,
				9E7BFA6418ECFFEE007B3D81 /* Foundation.framework in Frameworks */,
			);
			runOnlyForDeploymentPostprocessing = 0;
		};
		9E7BFA7E18ECFFEE007B3D81 /* Frameworks */ = {
			isa = PBXFrameworksBuildPhase;
			buildActionMask = 2147483647;
			files = (
				9E7BFA8318ECFFEE007B3D81 /* XCTest.framework in Frameworks */,
				9E7BFA8518ECFFEE007B3D81 /* UIKit.framework in Frameworks */,
				9E7BFA8418ECFFEE007B3D81 /* Foundation.framework in Frameworks */,
			);
			runOnlyForDeploymentPostprocessing = 0;
		};
/* End PBXFrameworksBuildPhase section */

/* Begin PBXGroup section */
		9E7BFA5718ECFFEE007B3D81 = {
			isa = PBXGroup;
			children = (
				9E7BFA9818ED0027007B3D81 /* MeunItem */,
				9E7BFA6918ECFFEE007B3D81 /* Meun */,
				9E7BFA8818ECFFEE007B3D81 /* MeunTests */,
				9E7BFA6218ECFFEE007B3D81 /* Frameworks */,
				9E7BFA6118ECFFEE007B3D81 /* Products */,
			);
			sourceTree = "<group>";
		};
		9E7BFA6118ECFFEE007B3D81 /* Products */ = {
			isa = PBXGroup;
			children = (
				9E7BFA6018ECFFEE007B3D81 /* Meun.app */,
				9E7BFA8118ECFFEE007B3D81 /* MeunTests.xctest */,
			);
			name = Products;
			sourceTree = "<group>";
		};
		9E7BFA6218ECFFEE007B3D81 /* Frameworks */ = {
			isa = PBXGroup;
			children = (
				9E7BFA6318ECFFEE007B3D81 /* Foundation.framework */,
				9E7BFA6518ECFFEE007B3D81 /* CoreGraphics.framework */,
				9E7BFA6718ECFFEE007B3D81 /* UIKit.framework */,
				9E7BFA8218ECFFEE007B3D81 /* XCTest.framework */,
			);
			name = Frameworks;
			sourceTree = "<group>";
		};
		9E7BFA6918ECFFEE007B3D81 /* Meun */ = {
			isa = PBXGroup;
			children = (
				9E7BFA7218ECFFEE007B3D81 /* AppDelegate.h */,
				9E7BFA7318ECFFEE007B3D81 /* AppDelegate.m */,
				9E7BFA7B18ECFFEE007B3D81 /* Images.xcassets */,
				9E7BFA6A18ECFFEE007B3D81 /* Supporting Files */,
			);
			path = Meun;
			sourceTree = "<group>";
		};
		9E7BFA6A18ECFFEE007B3D81 /* Supporting Files */ = {
			isa = PBXGroup;
			children = (
				9E7BFA6B18ECFFEE007B3D81 /* Meun-Info.plist */,
				9E7BFA6C18ECFFEE007B3D81 /* InfoPlist.strings */,
				9E7BFA6F18ECFFEE007B3D81 /* main.m */,
				9E7BFA7118ECFFEE007B3D81 /* Meun-Prefix.pch */,
			);
			name = "Supporting Files";
			sourceTree = "<group>";
		};
		9E7BFA8818ECFFEE007B3D81 /* MeunTests */ = {
			isa = PBXGroup;
			children = (
				9E7BFA8E18ECFFEE007B3D81 /* MeunTests.m */,
				9E7BFA8918ECFFEE007B3D81 /* Supporting Files */,
			);
			path = MeunTests;
			sourceTree = "<group>";
		};
		9E7BFA8918ECFFEE007B3D81 /* Supporting Files */ = {
			isa = PBXGroup;
			children = (
				9E7BFA8A18ECFFEE007B3D81 /* MeunTests-Info.plist */,
				9E7BFA8B18ECFFEE007B3D81 /* InfoPlist.strings */,
			);
			name = "Supporting Files";
			sourceTree = "<group>";
		};
		9E7BFA9818ED0027007B3D81 /* MeunItem */ = {
			isa = PBXGroup;
			children = (
				9E7BFAA818ED00BA007B3D81 /* source */,
				9E7BFA7818ECFFEE007B3D81 /* ViewController.h */,
				9E7BFA7918ECFFEE007B3D81 /* ViewController.m */,
				9E7BFA9918ED005D007B3D81 /* HomeViewController.h */,
				9E7BFA9A18ED005D007B3D81 /* HomeViewController.m */,
				9E7BFAB018ED05C4007B3D81 /* MeunViewController.h */,
				9E7BFAB118ED05C4007B3D81 /* MeunViewController.m */,
				9E7BFA9C18ED007B007B3D81 /* AViewController.h */,
				9E7BFA9D18ED007B007B3D81 /* AViewController.m */,
				9E7BFA9F18ED0085007B3D81 /* BViewController.h */,
				9E7BFAA018ED0085007B3D81 /* BViewController.m */,
				9E7BFAA218ED0090007B3D81 /* CViewController.h */,
				9E7BFAA318ED0090007B3D81 /* CViewController.m */,
				9E7BFAA518ED00A3007B3D81 /* DViewController.h */,
				9E7BFAA618ED00A3007B3D81 /* DViewController.m */,
				9E7BFA7518ECFFEE007B3D81 /* Main.storyboard */,
			);
			name = MeunItem;
			sourceTree = "<group>";
		};
		9E7BFAA818ED00BA007B3D81 /* source */ = {
			isa = PBXGroup;
			children = (
				9E7BFAA918ED00DF007B3D81 /* menu-button@2x.png */,
				9E7BFAAA18ED00DF007B3D81 /* menu-button.png */,
				9E7BFAAD18ED00F2007B3D81 /* SlideNavigationController.h */,
				9E7BFAAE18ED00F2007B3D81 /* SlideNavigationController.m */,
			);
			name = source;
			sourceTree = "<group>";
		};
/* End PBXGroup section */

/* Begin PBXNativeTarget section */
		9E7BFA5F18ECFFEE007B3D81 /* Meun */ = {
			isa = PBXNativeTarget;
			buildConfigurationList = 9E7BFA9218ECFFEE007B3D81 /* Build configuration list for PBXNativeTarget "Meun" */;
			buildPhases = (
				9E7BFA5C18ECFFEE007B3D81 /* Sources */,
				9E7BFA5D18ECFFEE007B3D81 /* Frameworks */,
				9E7BFA5E18ECFFEE007B3D81 /* Resources */,
			);
			buildRules = (
			);
			dependencies = (
			);
			name = Meun;
			productName = Meun;
			productReference = 9E7BFA6018ECFFEE007B3D81 /* Meun.app */;
			productType = "com.apple.product-type.application";
		};
		9E7BFA8018ECFFEE007B3D81 /* MeunTests */ = {
			isa = PBXNativeTarget;
			buildConfigurationList = 9E7BFA9518ECFFEE007B3D81 /* Build configuration list for PBXNativeTarget "MeunTests" */;
			buildPhases = (
				9E7BFA7D18ECFFEE007B3D81 /* Sources */,
				9E7BFA7E18ECFFEE007B3D81 /* Frameworks */,
				9E7BFA7F18ECFFEE007B3D81 /* Resources */,
			);
			buildRules = (
			);
			dependencies = (
				9E7BFA8718ECFFEE007B3D81 /* PBXTargetDependency */,
			);
			name = MeunTests;
			productName = MeunTests;
			productReference = 9E7BFA8118ECFFEE007B3D81 /* MeunTests.xctest */;
			productType = "com.apple.product-type.bundle.unit-test";
		};
/* End PBXNativeTarget section */

/* Begin PBXProject section */
		9E7BFA5818ECFFEE007B3D81 /* Project object */ = {
			isa = PBXProject;
			attributes = {
				LastUpgradeCheck = 0500;
				ORGANIZATIONNAME = kangmei_teach03;
				TargetAttributes = {
					9E7BFA8018ECFFEE007B3D81 = {
						TestTargetID = 9E7BFA5F18ECFFEE007B3D81;
					};
				};
			};
			buildConfigurationList = 9E7BFA5B18ECFFEE007B3D81 /* Build configuration list for PBXProject "Meun" */;
			compatibilityVersion = "Xcode 3.2";
			developmentRegion = English;
			hasScannedForEncodings = 0;
			knownRegions = (
				en,
				Base,
			);
			mainGroup = 9E7BFA5718ECFFEE007B3D81;
			productRefGroup = 9E7BFA6118ECFFEE007B3D81 /* Products */;
			projectDirPath = "";
			projectRoot = "";
			targets = (
				9E7BFA5F18ECFFEE007B3D81 /* Meun */,
				9E7BFA8018ECFFEE007B3D81 /* MeunTests */,
			);
		};
/* End PBXProject section */

/* Begin PBXResourcesBuildPhase section */
		9E7BFA5E18ECFFEE007B3D81 /* Resources */ = {
			isa = PBXResourcesBuildPhase;
			buildActionMask = 2147483647;
			files = (
				9E7BFA7C18ECFFEE007B3D81 /* Images.xcassets in Resources */,
				9E7BFAAC18ED00DF007B3D81 /* menu-button.png in Resources */,
				9E7BFAAB18ED00DF007B3D81 /* menu-button@2x.png in Resources */,
				9E7BFA6E18ECFFEE007B3D81 /* InfoPlist.strings in Resources */,
				9E7BFA7718ECFFEE007B3D81 /* Main.storyboard in Resources */,
			);
			runOnlyForDeploymentPostprocessing = 0;
		};
		9E7BFA7F18ECFFEE007B3D81 /* Resources */ = {
			isa = PBXResourcesBuildPhase;
			buildActionMask = 2147483647;
			files = (
				9E7BFA8D18ECFFEE007B3D81 /* InfoPlist.strings in Resources */,
			);
			runOnlyForDeploymentPostprocessing = 0;
		};
/* End PBXResourcesBuildPhase section */

/* Begin PBXSourcesBuildPhase section */
		9E7BFA5C18ECFFEE007B3D81 /* Sources */ = {
			isa = PBXSourcesBuildPhase;
			buildActionMask = 2147483647;
			files = (
				9E7BFAAF18ED00F2007B3D81 /* SlideNavigationController.m in Sources */,
				9E7BFA7A18ECFFEE007B3D81 /* ViewController.m in Sources */,
				9E7BFAA118ED0085007B3D81 /* BViewController.m in Sources */,
				9E7BFA9E18ED007B007B3D81 /* AViewController.m in Sources */,
				9E7BFA7418ECFFEE007B3D81 /* AppDelegate.m in Sources */,
				9E7BFA7018ECFFEE007B3D81 /* main.m in Sources */,
				9E7BFA9B18ED005D007B3D81 /* HomeViewController.m in Sources */,
				9E7BFAB218ED05C4007B3D81 /* MeunViewController.m in Sources */,
				9E7BFAA418ED0090007B3D81 /* CViewController.m in Sources */,
				9E7BFAA718ED00A3007B3D81 /* DViewController.m in Sources */,
			);
			runOnlyForDeploymentPostprocessing = 0;
		};
		9E7BFA7D18ECFFEE007B3D81 /* Sources */ = {
			isa = PBXSourcesBuildPhase;
			buildActionMask = 2147483647;
			files = (
				9E7BFA8F18ECFFEE007B3D81 /* MeunTests.m in Sources */,
			);
			runOnlyForDeploymentPostprocessing = 0;
		};
/* End PBXSourcesBuildPhase section */

/* Begin PBXTargetDependency section */
		9E7BFA8718ECFFEE007B3D81 /* PBXTargetDependency */ = {
			isa = PBXTargetDependency;
			target = 9E7BFA5F18ECFFEE007B3D81 /* Meun */;
			targetProxy = 9E7BFA8618ECFFEE007B3D81 /* PBXContainerItemProxy */;
		};
/* End PBXTargetDependency section */

/* Begin PBXVariantGroup section */
		9E7BFA6C18ECFFEE007B3D81 /* InfoPlist.strings */ = {
			isa = PBXVariantGroup;
			children = (
				9E7BFA6D18ECFFEE007B3D81 /* en */,
			);
			name = InfoPlist.strings;
			sourceTree = "<group>";
		};
		9E7BFA7518ECFFEE007B3D81 /* Main.storyboard */ = {
			isa = PBXVariantGroup;
			children = (
				9E7BFA7618ECFFEE007B3D81 /* Base */,
			);
			name = Main.storyboard;
			path = Meun;
			sourceTree = "<group>";
		};
		9E7BFA8B18ECFFEE007B3D81 /* InfoPlist.strings */ = {
			isa = PBXVariantGroup;
			children = (
				9E7BFA8C18ECFFEE007B3D81 /* en */,
			);
			name = InfoPlist.strings;
			sourceTree = "<group>";
		};
/* End PBXVariantGroup section */

/* Begin XCBuildConfiguration section */
		9E7BFA9018ECFFEE007B3D81 /* Debug */ = {
			isa = XCBuildConfiguration;
			buildSettings = {
				ALWAYS_SEARCH_USER_PATHS = NO;
				ARCHS = "$(ARCHS_STANDARD_INCLUDING_64_BIT)";
				CLANG_CXX_LANGUAGE_STANDARD = "gnu++0x";
				CLANG_CXX_LIBRARY = "libc++";
				CLANG_ENABLE_MODULES = YES;
				CLANG_ENABLE_OBJC_ARC = YES;
				CLANG_WARN_BOOL_CONVERSION = YES;
				CLANG_WARN_CONSTANT_CONVERSION = YES;
				CLANG_WARN_DIRECT_OBJC_ISA_USAGE = YES_ERROR;
				CLANG_WARN_EMPTY_BODY = YES;
				CLANG_WARN_ENUM_CONVERSION = YES;
				CLANG_WARN_INT_CONVERSION = YES;
				CLANG_WARN_OBJC_ROOT_CLASS = YES_ERROR;
				CLANG_WARN__DUPLICATE_METHOD_MATCH = YES;
				"CODE_SIGN_IDENTITY[sdk=iphoneos*]" = "iPhone Developer";
				COPY_PHASE_STRIP = NO;
				GCC_C_LANGUAGE_STANDARD = gnu99;
				GCC_DYNAMIC_NO_PIC = NO;
				GCC_OPTIMIZATION_LEVEL = 0;
				GCC_PREPROCESSOR_DEFINITIONS = (
					"DEBUG=1",
					"$(inherited)",
				);
				GCC_SYMBOLS_PRIVATE_EXTERN = NO;
				GCC_WARN_64_TO_32_BIT_CONVERSION = YES;
				GCC_WARN_ABOUT_RETURN_TYPE = YES_ERROR;
				GCC_WARN_UNDECLARED_SELECTOR = YES;
				GCC_WARN_UNINITIALIZED_AUTOS = YES;
				GCC_WARN_UNUSED_FUNCTION = YES;
				GCC_WARN_UNUSED_VARIABLE = YES;
				IPHONEOS_DEPLOYMENT_TARGET = 7.0;
				ONLY_ACTIVE_ARCH = YES;
				SDKROOT = iphoneos;
			};
			name = Debug;
		};
		9E7BFA9118ECFFEE007B3D81 /* Release */ = {
			isa = XCBuildConfiguration;
			buildSettings = {
				ALWAYS_SEARCH_USER_PATHS = NO;
				ARCHS = "$(ARCHS_STANDARD_INCLUDING_64_BIT)";
				CLANG_CXX_LANGUAGE_STANDARD = "gnu++0x";
				CLANG_CXX_LIBRARY = "libc++";
				CLANG_ENABLE_MODULES = YES;
				CLANG_ENABLE_OBJC_ARC = YES;
				CLANG_WARN_BOOL_CONVERSION = YES;
				CLANG_WARN_CONSTANT_CONVERSION = YES;
				CLANG_WARN_DIRECT_OBJC_ISA_USAGE = YES_ERROR;
				CLANG_WARN_EMPTY_BODY = YES;
				CLANG_WARN_ENUM_CONVERSION = YES;
				CLANG_WARN_INT_CONVERSION = YES;
				CLANG_WARN_OBJC_ROOT_CLASS = YES_ERROR;
				CLANG_WARN__DUPLICATE_METHOD_MATCH = YES;
				"CODE_SIGN_IDENTITY[sdk=iphoneos*]" = "iPhone Developer";
				COPY_PHASE_STRIP = YES;
				ENABLE_NS_ASSERTIONS = NO;
				GCC_C_LANGUAGE_STANDARD = gnu99;
				GCC_WARN_64_TO_32_BIT_CONVERSION = YES;
				GCC_WARN_ABOUT_RETURN_TYPE = YES_ERROR;
				GCC_WARN_UNDECLARED_SELECTOR = YES;
				GCC_WARN_UNINITIALIZED_AUTOS = YES;
				GCC_WARN_UNUSED_FUNCTION = YES;
				GCC_WARN_UNUSED_VARIABLE = YES;
				IPHONEOS_DEPLOYMENT_TARGET = 7.0;
				SDKROOT = iphoneos;
				VALIDATE_PRODUCT = YES;
			};
			name = Release;
		};
		9E7BFA9318ECFFEE007B3D81 /* Debug */ = {
			isa = XCBuildConfiguration;
			buildSettings = {
				ASSETCATALOG_COMPILER_APPICON_NAME = AppIcon;
				ASSETCATALOG_COMPILER_LAUNCHIMAGE_NAME = LaunchImage;
				GCC_PRECOMPILE_PREFIX_HEADER = YES;
				GCC_PREFIX_HEADER = "Meun/Meun-Prefix.pch";
				INFOPLIST_FILE = "Meun/Meun-Info.plist";
				PRODUCT_NAME = "$(TARGET_NAME)";
				WRAPPER_EXTENSION = app;
			};
			name = Debug;
		};
		9E7BFA9418ECFFEE007B3D81 /* Release */ = {
			isa = XCBuildConfiguration;
			buildSettings = {
				ASSETCATALOG_COMPILER_APPICON_NAME = AppIcon;
				ASSETCATALOG_COMPILER_LAUNCHIMAGE_NAME = LaunchImage;
				GCC_PRECOMPILE_PREFIX_HEADER = YES;
				GCC_PREFIX_HEADER = "Meun/Meun-Prefix.pch";
				INFOPLIST_FILE = "Meun/Meun-Info.plist";
				PRODUCT_NAME = "$(TARGET_NAME)";
				WRAPPER_EXTENSION = app;
			};
			name = Release;
		};
		9E7BFA9618ECFFEE007B3D81 /* Debug */ = {
			isa = XCBuildConfiguration;
			buildSettings = {
				ARCHS = "$(ARCHS_STANDARD_INCLUDING_64_BIT)";
				BUNDLE_LOADER = "$(BUILT_PRODUCTS_DIR)/Meun.app/Meun";
				FRAMEWORK_SEARCH_PATHS = (
					"$(SDKROOT)/Developer/Library/Frameworks",
					"$(inherited)",
					"$(DEVELOPER_FRAMEWORKS_DIR)",
				);
				GCC_PRECOMPILE_PREFIX_HEADER = YES;
				GCC_PREFIX_HEADER = "Meun/Meun-Prefix.pch";
				GCC_PREPROCESSOR_DEFINITIONS = (
					"DEBUG=1",
					"$(inherited)",
				);
				INFOPLIST_FILE = "MeunTests/MeunTests-Info.plist";
				PRODUCT_NAME = "$(TARGET_NAME)";
				TEST_HOST = "$(BUNDLE_LOADER)";
				WRAPPER_EXTENSION = xctest;
			};
			name = Debug;
		};
		9E7BFA9718ECFFEE007B3D81 /* Release */ = {
			isa = XCBuildConfiguration;
			buildSettings = {
				ARCHS = "$(ARCHS_STANDARD_INCLUDING_64_BIT)";
				BUNDLE_LOADER = "$(BUILT_PRODUCTS_DIR)/Meun.app/Meun";
				FRAMEWORK_SEARCH_PATHS = (
					"$(SDKROOT)/Developer/Library/Frameworks",
					"$(inherited)",
					"$(DEVELOPER_FRAMEWORKS_DIR)",
				);
				GCC_PRECOMPILE_PREFIX_HEADER = YES;
				GCC_PREFIX_HEADER = "Meun/Meun-Prefix.pch";
				INFOPLIST_FILE = "MeunTests/MeunTests-Info.plist";
				PRODUCT_NAME = "$(TARGET_NAME)";
				TEST_HOST = "$(BUNDLE_LOADER)";
				WRAPPER_EXTENSION = xctest;
			};
			name = Release;
		};
/* End XCBuildConfiguration section */

/* Begin XCConfigurationList section */
		9E7BFA5B18ECFFEE007B3D81 /* Build configuration list for PBXProject "Meun" */ = {
			isa = XCConfigurationList;
			buildConfigurations = (
				9E7BFA9018ECFFEE007B3D81 /* Debug */,
				9E7BFA9118ECFFEE007B3D81 /* Release */,
			);
			defaultConfigurationIsVisible = 0;
			defaultConfigurationName = Release;
		};
		9E7BFA9218ECFFEE007B3D81 /* Build configuration list for PBXNativeTarget "Meun" */ = {
			isa = XCConfigurationList;
			buildConfigurations = (
				9E7BFA9318ECFFEE007B3D81 /* Debug */,
				9E7BFA9418ECFFEE007B3D81 /* Release */,
			);
			defaultConfigurationIsVisible = 0;
		};
		9E7BFA9518ECFFEE007B3D81 /* Build configuration list for PBXNativeTarget "MeunTests" */ = {
			isa = XCConfigurationList;
			buildConfigurations = (
				9E7BFA9618ECFFEE007B3D81 /* Debug */,
				9E7BFA9718ECFFEE007B3D81 /* Release */,
			);
			defaultConfigurationIsVisible = 0;
		};
/* End XCConfigurationList section */
	};
	rootObject = 9E7BFA5818ECFFEE007B3D81 /* Project object */;
}
